// !$*UTF8*$!
{
	archiveVersion = 1;
	classes = {
	};
	objectVersion = 55;
	objects = {

/* Begin PBXBuildFile section */
		34C32D7728C63AE4003BE563 /* AppDelegate.swift in Sources */ = {isa = PBXBuildFile; fileRef = 34C32D7628C63AE4003BE563 /* AppDelegate.swift */; };
		34C32D7928C63AE4003BE563 /* SceneDelegate.swift in Sources */ = {isa = PBXBuildFile; fileRef = 34C32D7828C63AE4003BE563 /* SceneDelegate.swift */; };
		34C32D7B28C63AE4003BE563 /* ViewController.swift in Sources */ = {isa = PBXBuildFile; fileRef = 34C32D7A28C63AE4003BE563 /* ViewController.swift */; };
		34C32D7E28C63AE4003BE563 /* Main.storyboard in Resources */ = {isa = PBXBuildFile; fileRef = 34C32D7C28C63AE4003BE563 /* Main.storyboard */; };
		34C32D8028C63AE6003BE563 /* Assets.xcassets in Resources */ = {isa = PBXBuildFile; fileRef = 34C32D7F28C63AE6003BE563 /* Assets.xcassets */; };
		34C32D8328C63AE6003BE563 /* LaunchScreen.storyboard in Resources */ = {isa = PBXBuildFile; fileRef = 34C32D8128C63AE6003BE563 /* LaunchScreen.storyboard */; };
		34C32D8E28C63AE6003BE563 /* FlixAppTests.swift in Sources */ = {isa = PBXBuildFile; fileRef = 34C32D8D28C63AE6003BE563 /* FlixAppTests.swift */; };
		34C32D9828C63AE6003BE563 /* FlixAppUITests.swift in Sources */ = {isa = PBXBuildFile; fileRef = 34C32D9728C63AE6003BE563 /* FlixAppUITests.swift */; };
		34C32D9A28C63AE7003BE563 /* FlixAppUITestsLaunchTests.swift in Sources */ = {isa = PBXBuildFile; fileRef = 34C32D9928C63AE7003BE563 /* FlixAppUITestsLaunchTests.swift */; };
		34C32DA728C64F7D003BE563 /* MovieCell.swift in Sources */ = {isa = PBXBuildFile; fileRef = 34C32DA628C64F7B003BE563 /* MovieCell.swift */; };
		34C32DAA28C669BC003BE563 /* AlamofireImage in Frameworks */ = {isa = PBXBuildFile; productRef = 34C32DA928C669BC003BE563 /* AlamofireImage */; };
		34C32DAC28D0C9D7003BE563 /* MovieDetailsViewController.swift in Sources */ = {isa = PBXBuildFile; fileRef = 34C32DAB28D0C9D7003BE563 /* MovieDetailsViewController.swift */; };
		34CE374328D0E0EC008697B5 /* MovieGridViewController.swift in Sources */ = {isa = PBXBuildFile; fileRef = 34CE374228D0E0EC008697B5 /* MovieGridViewController.swift */; };
		34CE374528D0E5CA008697B5 /* MovieGridCell.swift in Sources */ = {isa = PBXBuildFile; fileRef = 34CE374428D0E5C9008697B5 /* MovieGridCell.swift */; };
		4F53BEADA0848744EE49F825 /* Pods_FlixApp.framework in Frameworks */ = {isa = PBXBuildFile; fileRef = 9E91C4597F05360918DD6D1C /* Pods_FlixApp.framework */; };
		52A72B9794A5154AB34FA611 /* Pods_FlixApp_FlixAppUITests.framework in Frameworks */ = {isa = PBXBuildFile; fileRef = 1FF6B33133E831B728D76841 /* Pods_FlixApp_FlixAppUITests.framework */; };
		BC195C08706A1B706ECC64E4 /* Pods_FlixAppTests.framework in Frameworks */ = {isa = PBXBuildFile; fileRef = D39711A3957E2D38E60028C2 /* Pods_FlixAppTests.framework */; };
/* End PBXBuildFile section */

/* Begin PBXContainerItemProxy section */
		34C32D8A28C63AE6003BE563 /* PBXContainerItemProxy */ = {
			isa = PBXContainerItemProxy;
			containerPortal = 34C32D6B28C63AE4003BE563 /* Project object */;
			proxyType = 1;
			remoteGlobalIDString = 34C32D7228C63AE4003BE563;
			remoteInfo = FlixApp;
		};
		34C32D9428C63AE6003BE563 /* PBXContainerItemProxy */ = {
			isa = PBXContainerItemProxy;
			containerPortal = 34C32D6B28C63AE4003BE563 /* Project object */;
			proxyType = 1;
			remoteGlobalIDString = 34C32D7228C63AE4003BE563;
			remoteInfo = FlixApp;
		};
/* End PBXContainerItemProxy section */

/* Begin PBXFileReference section */
		1FF6B33133E831B728D76841 /* Pods_FlixApp_FlixAppUITests.framework */ = {isa = PBXFileReference; explicitFileType = wrapper.framework; includeInIndex = 0; path = Pods_FlixApp_FlixAppUITests.framework; sourceTree = BUILT_PRODUCTS_DIR; };
		27BEEBD9CF6228B952C6939D /* Pods-FlixAppTests.debug.xcconfig */ = {isa = PBXFileReference; includeInIndex = 1; lastKnownFileType = text.xcconfig; name = "Pods-FlixAppTests.debug.xcconfig"; path = "Target Support Files/Pods-FlixAppTests/Pods-FlixAppTests.debug.xcconfig"; sourceTree = "<group>"; };
		34C32D7328C63AE4003BE563 /* FlixApp.app */ = {isa = PBXFileReference; explicitFileType = wrapper.application; includeInIndex = 0; path = FlixApp.app; sourceTree = BUILT_PRODUCTS_DIR; };
		34C32D7628C63AE4003BE563 /* AppDelegate.swift */ = {isa = PBXFileReference; lastKnownFileType = sourcecode.swift; path = AppDelegate.swift; sourceTree = "<group>"; };
		34C32D7828C63AE4003BE563 /* SceneDelegate.swift */ = {isa = PBXFileReference; lastKnownFileType = sourcecode.swift; path = SceneDelegate.swift; sourceTree = "<group>"; };
		34C32D7A28C63AE4003BE563 /* ViewController.swift */ = {isa = PBXFileReference; lastKnownFileType = sourcecode.swift; path = ViewController.swift; sourceTree = "<group>"; };
		34C32D7D28C63AE4003BE563 /* Base */ = {isa = PBXFileReference; lastKnownFileType = file.storyboard; name = Base; path = Base.lproj/Main.storyboard; sourceTree = "<group>"; };
		34C32D7F28C63AE6003BE563 /* Assets.xcassets */ = {isa = PBXFileReference; lastKnownFileType = folder.assetcatalog; path = Assets.xcassets; sourceTree = "<group>"; };
		34C32D8228C63AE6003BE563 /* Base */ = {isa = PBXFileReference; lastKnownFileType = file.storyboard; name = Base; path = Base.lproj/LaunchScreen.storyboard; sourceTree = "<group>"; };
		34C32D8428C63AE6003BE563 /* Info.plist */ = {isa = PBXFileReference; lastKnownFileType = text.plist.xml; path = Info.plist; sourceTree = "<group>"; };
		34C32D8928C63AE6003BE563 /* FlixAppTests.xctest */ = {isa = PBXFileReference; explicitFileType = wrapper.cfbundle; includeInIndex = 0; path = FlixAppTests.xctest; sourceTree = BUILT_PRODUCTS_DIR; };
		34C32D8D28C63AE6003BE563 /* FlixAppTests.swift */ = {isa = PBXFileReference; lastKnownFileType = sourcecode.swift; path = FlixAppTests.swift; sourceTree = "<group>"; };
		34C32D9328C63AE6003BE563 /* FlixAppUITests.xctest */ = {isa = PBXFileReference; explicitFileType = wrapper.cfbundle; includeInIndex = 0; path = FlixAppUITests.xctest; sourceTree = BUILT_PRODUCTS_DIR; };
		34C32D9728C63AE6003BE563 /* FlixAppUITests.swift */ = {isa = PBXFileReference; lastKnownFileType = sourcecode.swift; path = FlixAppUITests.swift; sourceTree = "<group>"; };
		34C32D9928C63AE7003BE563 /* FlixAppUITestsLaunchTests.swift */ = {isa = PBXFileReference; lastKnownFileType = sourcecode.swift; path = FlixAppUITestsLaunchTests.swift; sourceTree = "<group>"; };
		34C32DA628C64F7B003BE563 /* MovieCell.swift */ = {isa = PBXFileReference; lastKnownFileType = sourcecode.swift; path = MovieCell.swift; sourceTree = "<group>"; };
		34C32DAB28D0C9D7003BE563 /* MovieDetailsViewController.swift */ = {isa = PBXFileReference; lastKnownFileType = sourcecode.swift; path = MovieDetailsViewController.swift; sourceTree = "<group>"; };
		34CE374228D0E0EC008697B5 /* MovieGridViewController.swift */ = {isa = PBXFileReference; lastKnownFileType = sourcecode.swift; path = MovieGridViewController.swift; sourceTree = "<group>"; };
		34CE374428D0E5C9008697B5 /* MovieGridCell.swift */ = {isa = PBXFileReference; lastKnownFileType = sourcecode.swift; path = MovieGridCell.swift; sourceTree = "<group>"; };
		4727B1D0A6C5F0977FD8717F /* Pods-FlixApp-FlixAppUITests.release.xcconfig */ = {isa = PBXFileReference; includeInIndex = 1; lastKnownFileType = text.xcconfig; name = "Pods-FlixApp-FlixAppUITests.release.xcconfig"; path = "Target Support Files/Pods-FlixApp-FlixAppUITests/Pods-FlixApp-FlixAppUITests.release.xcconfig"; sourceTree = "<group>"; };
		59C5801FD58F6A11E432125C /* Pods-FlixApp.release.xcconfig */ = {isa = PBXFileReference; includeInIndex = 1; lastKnownFileType = text.xcconfig; name = "Pods-FlixApp.release.xcconfig"; path = "Target Support Files/Pods-FlixApp/Pods-FlixApp.release.xcconfig"; sourceTree = "<group>"; };
		9E91C4597F05360918DD6D1C /* Pods_FlixApp.framework */ = {isa = PBXFileReference; explicitFileType = wrapper.framework; includeInIndex = 0; path = Pods_FlixApp.framework; sourceTree = BUILT_PRODUCTS_DIR; };
		AFDE6878476BD8FC6FEB6C2E /* Pods-FlixApp.debug.xcconfig */ = {isa = PBXFileReference; includeInIndex = 1; lastKnownFileType = text.xcconfig; name = "Pods-FlixApp.debug.xcconfig"; path = "Target Support Files/Pods-FlixApp/Pods-FlixApp.debug.xcconfig"; sourceTree = "<group>"; };
		B78AE79FDC819AEC21C01E46 /* Pods-FlixAppTests.release.xcconfig */ = {isa = PBXFileReference; includeInIndex = 1; lastKnownFileType = text.xcconfig; name = "Pods-FlixAppTests.release.xcconfig"; path = "Target Support Files/Pods-FlixAppTests/Pods-FlixAppTests.release.xcconfig"; sourceTree = "<group>"; };
		D39711A3957E2D38E60028C2 /* Pods_FlixAppTests.framework */ = {isa = PBXFileReference; explicitFileType = wrapper.framework; includeInIndex = 0; path = Pods_FlixAppTests.framework; sourceTree = BUILT_PRODUCTS_DIR; };
		E16CFCEB2D0CB6B8E950FE1A /* Pods-FlixApp-FlixAppUITests.debug.xcconfig */ = {isa = PBXFileReference; includeInIndex = 1; lastKnownFileType = text.xcconfig; name = "Pods-FlixApp-FlixAppUITests.debug.xcconfig"; path = "Target Support Files/Pods-FlixApp-FlixAppUITests/Pods-FlixApp-FlixAppUITests.debug.xcconfig"; sourceTree = "<group>"; };
/* End PBXFileReference section */

/* Begin PBXFrameworksBuildPhase section */
		34C32D7028C63AE4003BE563 /* Frameworks */ = {
			isa = PBXFrameworksBuildPhase;
			buildActionMask = 2147483647;
			files = (
				34C32DAA28C669BC003BE563 /* AlamofireImage in Frameworks */,
				4F53BEADA0848744EE49F825 /* Pods_FlixApp.framework in Frameworks */,
			);
			runOnlyForDeploymentPostprocessing = 0;
		};
		34C32D8628C63AE6003BE563 /* Frameworks */ = {
			isa = PBXFrameworksBuildPhase;
			buildActionMask = 2147483647;
			files = (
				BC195C08706A1B706ECC64E4 /* Pods_FlixAppTests.framework in Frameworks */,
			);
			runOnlyForDeploymentPostprocessing = 0;
		};
		34C32D9028C63AE6003BE563 /* Frameworks */ = {
			isa = PBXFrameworksBuildPhase;
			buildActionMask = 2147483647;
			files = (
				52A72B9794A5154AB34FA611 /* Pods_FlixApp_FlixAppUITests.framework in Frameworks */,
			);
			runOnlyForDeploymentPostprocessing = 0;
		};
/* End PBXFrameworksBuildPhase section */

/* Begin PBXGroup section */
		34C32D6A28C63AE4003BE563 = {
			isa = PBXGroup;
			children = (
				34C32DA628C64F7B003BE563 /* MovieCell.swift */,
				34C32D7528C63AE4003BE563 /* FlixApp */,
				34C32D8C28C63AE6003BE563 /* FlixAppTests */,
				34C32D9628C63AE6003BE563 /* FlixAppUITests */,
				34C32D7428C63AE4003BE563 /* Products */,
				DA11D5F7F0D5D3F8164DB624 /* Pods */,
				5B3A77B724FE6A54A2446D24 /* Frameworks */,
			);
			sourceTree = "<group>";
		};
		34C32D7428C63AE4003BE563 /* Products */ = {
			isa = PBXGroup;
			children = (
				34C32D7328C63AE4003BE563 /* FlixApp.app */,
				34C32D8928C63AE6003BE563 /* FlixAppTests.xctest */,
				34C32D9328C63AE6003BE563 /* FlixAppUITests.xctest */,
			);
			name = Products;
			sourceTree = "<group>";
		};
		34C32D7528C63AE4003BE563 /* FlixApp */ = {
			isa = PBXGroup;
			children = (
				34C32D7628C63AE4003BE563 /* AppDelegate.swift */,
				34C32D7828C63AE4003BE563 /* SceneDelegate.swift */,
				34C32D7A28C63AE4003BE563 /* ViewController.swift */,
				34C32D7C28C63AE4003BE563 /* Main.storyboard */,
				34C32D7F28C63AE6003BE563 /* Assets.xcassets */,
				34C32D8128C63AE6003BE563 /* LaunchScreen.storyboard */,
				34C32D8428C63AE6003BE563 /* Info.plist */,
				34C32DAB28D0C9D7003BE563 /* MovieDetailsViewController.swift */,
				34CE374228D0E0EC008697B5 /* MovieGridViewController.swift */,
				34CE374428D0E5C9008697B5 /* MovieGridCell.swift */,
			);
			path = FlixApp;
			sourceTree = "<group>";
		};
		34C32D8C28C63AE6003BE563 /* FlixAppTests */ = {
			isa = PBXGroup;
			children = (
				34C32D8D28C63AE6003BE563 /* FlixAppTests.swift */,
			);
			path = FlixAppTests;
			sourceTree = "<group>";
		};
		34C32D9628C63AE6003BE563 /* FlixAppUITests */ = {
			isa = PBXGroup;
			children = (
				34C32D9728C63AE6003BE563 /* FlixAppUITests.swift */,
				34C32D9928C63AE7003BE563 /* FlixAppUITestsLaunchTests.swift */,
			);
			path = FlixAppUITests;
			sourceTree = "<group>";
		};
		5B3A77B724FE6A54A2446D24 /* Frameworks */ = {
			isa = PBXGroup;
			children = (
				9E91C4597F05360918DD6D1C /* Pods_FlixApp.framework */,
				1FF6B33133E831B728D76841 /* Pods_FlixApp_FlixAppUITests.framework */,
				D39711A3957E2D38E60028C2 /* Pods_FlixAppTests.framework */,
			);
			name = Frameworks;
			sourceTree = "<group>";
		};
		DA11D5F7F0D5D3F8164DB624 /* Pods */ = {
			isa = PBXGroup;
			children = (
				AFDE6878476BD8FC6FEB6C2E /* Pods-FlixApp.debug.xcconfig */,
				59C5801FD58F6A11E432125C /* Pods-FlixApp.release.xcconfig */,
				E16CFCEB2D0CB6B8E950FE1A /* Pods-FlixApp-FlixAppUITests.debug.xcconfig */,
				4727B1D0A6C5F0977FD8717F /* Pods-FlixApp-FlixAppUITests.release.xcconfig */,
				27BEEBD9CF6228B952C6939D /* Pods-FlixAppTests.debug.xcconfig */,
				B78AE79FDC819AEC21C01E46 /* Pods-FlixAppTests.release.xcconfig */,
			);
			path = Pods;
			sourceTree = "<group>";
		};
/* End PBXGroup section */

/* Begin PBXNativeTarget section */
		34C32D7228C63AE4003BE563 /* FlixApp */ = {
			isa = PBXNativeTarget;
			buildConfigurationList = 34C32D9D28C63AE7003BE563 /* Build configuration list for PBXNativeTarget "FlixApp" */;
			buildPhases = (
				94BE49394F8BF524E4D5F24E /* [CP] Check Pods Manifest.lock */,
				34C32D6F28C63AE4003BE563 /* Sources */,
				34C32D7028C63AE4003BE563 /* Frameworks */,
				34C32D7128C63AE4003BE563 /* Resources */,
			);
			buildRules = (
			);
			dependencies = (
			);
			name = FlixApp;
			packageProductDependencies = (
				34C32DA928C669BC003BE563 /* AlamofireImage */,
			);
			productName = FlixApp;
			productReference = 34C32D7328C63AE4003BE563 /* FlixApp.app */;
			productType = "com.apple.product-type.application";
		};
		34C32D8828C63AE6003BE563 /* FlixAppTests */ = {
			isa = PBXNativeTarget;
			buildConfigurationList = 34C32DA028C63AE7003BE563 /* Build configuration list for PBXNativeTarget "FlixAppTests" */;
			buildPhases = (
				9A8C504F466757D6C70A0765 /* [CP] Check Pods Manifest.lock */,
				34C32D8528C63AE6003BE563 /* Sources */,
				34C32D8628C63AE6003BE563 /* Frameworks */,
				34C32D8728C63AE6003BE563 /* Resources */,
			);
			buildRules = (
			);
			dependencies = (
				34C32D8B28C63AE6003BE563 /* PBXTargetDependency */,
			);
			name = FlixAppTests;
			productName = FlixAppTests;
			productReference = 34C32D8928C63AE6003BE563 /* FlixAppTests.xctest */;
			productType = "com.apple.product-type.bundle.unit-test";
		};
		34C32D9228C63AE6003BE563 /* FlixAppUITests */ = {
			isa = PBXNativeTarget;
			buildConfigurationList = 34C32DA328C63AE7003BE563 /* Build configuration list for PBXNativeTarget "FlixAppUITests" */;
			buildPhases = (
				E6836F9E9BE44B382DD73CF7 /* [CP] Check Pods Manifest.lock */,
				34C32D8F28C63AE6003BE563 /* Sources */,
				34C32D9028C63AE6003BE563 /* Frameworks */,
				34C32D9128C63AE6003BE563 /* Resources */,
			);
			buildRules = (
			);
			dependencies = (
				34C32D9528C63AE6003BE563 /* PBXTargetDependency */,
			);
			name = FlixAppUITests;
			productName = FlixAppUITests;
			productReference = 34C32D9328C63AE6003BE563 /* FlixAppUITests.xctest */;
			productType = "com.apple.product-type.bundle.ui-testing";
		};
/* End PBXNativeTarget section */

/* Begin PBXProject section */
		34C32D6B28C63AE4003BE563 /* Project object */ = {
			isa = PBXProject;
			attributes = {
				BuildIndependentTargetsInParallel = 1;
				LastSwiftUpdateCheck = 1340;
				LastUpgradeCheck = 1340;
				TargetAttributes = {
					34C32D7228C63AE4003BE563 = {
						CreatedOnToolsVersion = 13.4.1;
					};
					34C32D8828C63AE6003BE563 = {
						CreatedOnToolsVersion = 13.4.1;
						TestTargetID = 34C32D7228C63AE4003BE563;
					};
					34C32D9228C63AE6003BE563 = {
						CreatedOnToolsVersion = 13.4.1;
						TestTargetID = 34C32D7228C63AE4003BE563;
					};
				};
			};
			buildConfigurationList = 34C32D6E28C63AE4003BE563 /* Build configuration list for PBXProject "FlixApp" */;
			compatibilityVersion = "Xcode 13.0";
			developmentRegion = en;
			hasScannedForEncodings = 0;
			knownRegions = (
				en,
				Base,
			);
			mainGroup = 34C32D6A28C63AE4003BE563;
			packageReferences = (
				34C32DA828C669BC003BE563 /* XCRemoteSwiftPackageReference "AlamofireImage" */,
			);
			productRefGroup = 34C32D7428C63AE4003BE563 /* Products */;
			projectDirPath = "";
			projectRoot = "";
			targets = (
				34C32D7228C63AE4003BE563 /* FlixApp */,
				34C32D8828C63AE6003BE563 /* FlixAppTests */,
				34C32D9228C63AE6003BE563 /* FlixAppUITests */,
			);
		};
/* End PBXProject section */

/* Begin PBXResourcesBuildPhase section */
		34C32D7128C63AE4003BE563 /* Resources */ = {
			isa = PBXResourcesBuildPhase;
			buildActionMask = 2147483647;
			files = (
				34C32D8328C63AE6003BE563 /* LaunchScreen.storyboard in Resources */,
				34C32D8028C63AE6003BE563 /* Assets.xcassets in Resources */,
				34C32D7E28C63AE4003BE563 /* Main.storyboard in Resources */,
			);
			runOnlyForDeploymentPostprocessing = 0;
		};
		34C32D8728C63AE6003BE563 /* Resources */ = {
			isa = PBXResourcesBuildPhase;
			buildActionMask = 2147483647;
			files = (
			);
			runOnlyForDeploymentPostprocessing = 0;
		};
		34C32D9128C63AE6003BE563 /* Resources */ = {
			isa = PBXResourcesBuildPhase;
			buildActionMask = 2147483647;
			files = (
			);
			runOnlyForDeploymentPostprocessing = 0;
		};
/* End PBXResourcesBuildPhase section */

/* Begin PBXShellScriptBuildPhase section */
		94BE49394F8BF524E4D5F24E /* [CP] Check Pods Manifest.lock */ = {
			isa = PBXShellScriptBuildPhase;
			buildActionMask = 2147483647;
			files = (
			);
			inputFileListPaths = (
			);
			inputPaths = (
				"${PODS_PODFILE_DIR_PATH}/Podfile.lock",
				"${PODS_ROOT}/Manifest.lock",
			);
			name = "[CP] Check Pods Manifest.lock";
			outputFileListPaths = (
			);
			outputPaths = (
				"$(DERIVED_FILE_DIR)/Pods-FlixApp-checkManifestLockResult.txt",
			);
			runOnlyForDeploymentPostprocessing = 0;
			shellPath = /bin/sh;
			shellScript = "diff \"${PODS_PODFILE_DIR_PATH}/Podfile.lock\" \"${PODS_ROOT}/Manifest.lock\" > /dev/null\nif [ $? != 0 ] ; then\n    # print error to STDERR\n    echo \"error: The sandbox is not in sync with the Podfile.lock. Run 'pod install' or update your CocoaPods installation.\" >&2\n    exit 1\nfi\n# This output is used by Xcode 'outputs' to avoid re-running this script phase.\necho \"SUCCESS\" > \"${SCRIPT_OUTPUT_FILE_0}\"\n";
			showEnvVarsInLog = 0;
		};
		9A8C504F466757D6C70A0765 /* [CP] Check Pods Manifest.lock */ = {
			isa = PBXShellScriptBuildPhase;
			buildActionMask = 2147483647;
			files = (
			);
			inputFileListPaths = (
			);
			inputPaths = (
				"${PODS_PODFILE_DIR_PATH}/Podfile.lock",
				"${PODS_ROOT}/Manifest.lock",
			);
			name = "[CP] Check Pods Manifest.lock";
			outputFileListPaths = (
			);
			outputPaths = (
				"$(DERIVED_FILE_DIR)/Pods-FlixAppTests-checkManifestLockResult.txt",
			);
			runOnlyForDeploymentPostprocessing = 0;
			shellPath = /bin/sh;
			shellScript = "diff \"${PODS_PODFILE_DIR_PATH}/Podfile.lock\" \"${PODS_ROOT}/Manifest.lock\" > /dev/null\nif [ $? != 0 ] ; then\n    # print error to STDERR\n    echo \"error: The sandbox is not in sync with the Podfile.lock. Run 'pod install' or update your CocoaPods installation.\" >&2\n    exit 1\nfi\n# This output is used by Xcode 'outputs' to avoid re-running this script phase.\necho \"SUCCESS\" > \"${SCRIPT_OUTPUT_FILE_0}\"\n";
			showEnvVarsInLog = 0;
		};
		E6836F9E9BE44B382DD73CF7 /* [CP] Check Pods Manifest.lock */ = {
			isa = PBXShellScriptBuildPhase;
			buildActionMask = 2147483647;
			files = (
			);
			inputFileListPaths = (
			);
			inputPaths = (
				"${PODS_PODFILE_DIR_PATH}/Podfile.lock",
				"${PODS_ROOT}/Manifest.lock",
			);
			name = "[CP] Check Pods Manifest.lock";
			outputFileListPaths = (
			);
			outputPaths = (
				"$(DERIVED_FILE_DIR)/Pods-FlixApp-FlixAppUITests-checkManifestLockResult.txt",
			);
			runOnlyForDeploymentPostprocessing = 0;
			shellPath = /bin/sh;
			shellScript = "diff \"${PODS_PODFILE_DIR_PATH}/Podfile.lock\" \"${PODS_ROOT}/Manifest.lock\" > /dev/null\nif [ $? != 0 ] ; then\n    # print error to STDERR\n    echo \"error: The sandbox is not in sync with the Podfile.lock. Run 'pod install' or update your CocoaPods installation.\" >&2\n    exit 1\nfi\n# This output is used by Xcode 'outputs' to avoid re-running this script phase.\necho \"SUCCESS\" > \"${SCRIPT_OUTPUT_FILE_0}\"\n";
			showEnvVarsInLog = 0;
		};
/* End PBXShellScriptBuildPhase section */

/* Begin PBXSourcesBuildPhase section */
		34C32D6F28C63AE4003BE563 /* Sources */ = {
			isa = PBXSourcesBuildPhase;
			buildActionMask = 2147483647;
			files = (
				34C32DAC28D0C9D7003BE563 /* MovieDetailsViewController.swift in Sources */,
				34C32D7B28C63AE4003BE563 /* ViewController.swift in Sources */,
				34C32D7728C63AE4003BE563 /* AppDelegate.swift in Sources */,
				34C32DA728C64F7D003BE563 /* MovieCell.swift in Sources */,
				34C32D7928C63AE4003BE563 /* SceneDelegate.swift in Sources */,
				34CE374328D0E0EC008697B5 /* MovieGridViewController.swift in Sources */,
				34CE374528D0E5CA008697B5 /* MovieGridCell.swift in Sources */,
			);
			runOnlyForDeploymentPostprocessing = 0;
		};
		34C32D8528C63AE6003BE563 /* Sources */ = {
			isa = PBXSourcesBuildPhase;
			buildActionMask = 2147483647;
			files = (
				34C32D8E28C63AE6003BE563 /* FlixAppTests.swift in Sources */,
			);
			runOnlyForDeploymentPostprocessing = 0;
		};
		34C32D8F28C63AE6003BE563 /* Sources */ = {
			isa = PBXSourcesBuildPhase;
			buildActionMask = 2147483647;
			files = (
				34C32D9828C63AE6003BE563 /* FlixAppUITests.swift in Sources */,
				34C32D9A28C63AE7003BE563 /* FlixAppUITestsLaunchTests.swift in Sources */,
			);
			runOnlyForDeploymentPostprocessing = 0;
		};
/* End PBXSourcesBuildPhase section */

/* Begin PBXTargetDependency section */
		34C32D8B28C63AE6003BE563 /* PBXTargetDependency */ = {
			isa = PBXTargetDependency;
			target = 34C32D7228C63AE4003BE563 /* FlixApp */;
			targetProxy = 34C32D8A28C63AE6003BE563 /* PBXContainerItemProxy */;
		};
		34C32D9528C63AE6003BE563 /* PBXTargetDependency */ = {
			isa = PBXTargetDependency;
			target = 34C32D7228C63AE4003BE563 /* FlixApp */;
			targetProxy = 34C32D9428C63AE6003BE563 /* PBXContainerItemProxy */;
		};
/* End PBXTargetDependency section */

/* Begin PBXVariantGroup section */
		34C32D7C28C63AE4003BE563 /* Main.storyboard */ = {
			isa = PBXVariantGroup;
			children = (
				34C32D7D28C63AE4003BE563 /* Base */,
			);
			name = Main.storyboard;
			sourceTree = "<group>";
		};
		34C32D8128C63AE6003BE563 /* LaunchScreen.storyboard */ = {
			isa = PBXVariantGroup;
			children = (
				34C32D8228C63AE6003BE563 /* Base */,
			);
			name = LaunchScreen.storyboard;
			sourceTree = "<group>";
		};
/* End PBXVariantGroup section */

/* Begin XCBuildConfiguration section */
		34C32D9B28C63AE7003BE563 /* Debug */ = {
			isa = XCBuildConfiguration;
			buildSettings = {
				ALWAYS_SEARCH_USER_PATHS = NO;
				CLANG_ANALYZER_NONNULL = YES;
				CLANG_ANALYZER_NUMBER_OBJECT_CONVERSION = YES_AGGRESSIVE;
				CLANG_CXX_LANGUAGE_STANDARD = "gnu++17";
				CLANG_ENABLE_MODULES = YES;
				CLANG_ENABLE_OBJC_ARC = YES;
				CLANG_ENABLE_OBJC_WEAK = YES;
				CLANG_WARN_BLOCK_CAPTURE_AUTORELEASING = YES;
				CLANG_WARN_BOOL_CONVERSION = YES;
				CLANG_WARN_COMMA = YES;
				CLANG_WARN_CONSTANT_CONVERSION = YES;
				CLANG_WARN_DEPRECATED_OBJC_IMPLEMENTATIONS = YES;
				CLANG_WARN_DIRECT_OBJC_ISA_USAGE = YES_ERROR;
				CLANG_WARN_DOCUMENTATION_COMMENTS = YES;
				CLANG_WARN_EMPTY_BODY = YES;
				CLANG_WARN_ENUM_CONVERSION = YES;
				CLANG_WARN_INFINITE_RECURSION = YES;
				CLANG_WARN_INT_CONVERSION = YES;
				CLANG_WARN_NON_LITERAL_NULL_CONVERSION = YES;
				CLANG_WARN_OBJC_IMPLICIT_RETAIN_SELF = YES;
				CLANG_WARN_OBJC_LITERAL_CONVERSION = YES;
				CLANG_WARN_OBJC_ROOT_CLASS = YES_ERROR;
				CLANG_WARN_QUOTED_INCLUDE_IN_FRAMEWORK_HEADER = YES;
				CLANG_WARN_RANGE_LOOP_ANALYSIS = YES;
				CLANG_WARN_STRICT_PROTOTYPES = YES;
				CLANG_WARN_SUSPICIOUS_MOVE = YES;
				CLANG_WARN_UNGUARDED_AVAILABILITY = YES_AGGRESSIVE;
				CLANG_WARN_UNREACHABLE_CODE = YES;
				CLANG_WARN__DUPLICATE_METHOD_MATCH = YES;
				COPY_PHASE_STRIP = NO;
				DEBUG_INFORMATION_FORMAT = dwarf;
				ENABLE_STRICT_OBJC_MSGSEND = YES;
				ENABLE_TESTABILITY = YES;
				GCC_C_LANGUAGE_STANDARD = gnu11;
				GCC_DYNAMIC_NO_PIC = NO;
				GCC_NO_COMMON_BLOCKS = YES;
				GCC_OPTIMIZATION_LEVEL = 0;
				GCC_PREPROCESSOR_DEFINITIONS = (
					"DEBUG=1",
					"$(inherited)",
				);
				GCC_WARN_64_TO_32_BIT_CONVERSION = YES;
				GCC_WARN_ABOUT_RETURN_TYPE = YES_ERROR;
				GCC_WARN_UNDECLARED_SELECTOR = YES;
				GCC_WARN_UNINITIALIZED_AUTOS = YES_AGGRESSIVE;
				GCC_WARN_UNUSED_FUNCTION = YES;
				GCC_WARN_UNUSED_VARIABLE = YES;
				IPHONEOS_DEPLOYMENT_TARGET = 15.5;
				MTL_ENABLE_DEBUG_INFO = INCLUDE_SOURCE;
				MTL_FAST_MATH = YES;
				ONLY_ACTIVE_ARCH = YES;
				SDKROOT = iphoneos;
				SWIFT_ACTIVE_COMPILATION_CONDITIONS = DEBUG;
				SWIFT_OPTIMIZATION_LEVEL = "-Onone";
			};
			name = Debug;
		};
		34C32D9C28C63AE7003BE563 /* Release */ = {
			isa = XCBuildConfiguration;
			buildSettings = {
				ALWAYS_SEARCH_USER_PATHS = NO;
				CLANG_ANALYZER_NONNULL = YES;
				CLANG_ANALYZER_NUMBER_OBJECT_CONVERSION = YES_AGGRESSIVE;
				CLANG_CXX_LANGUAGE_STANDARD = "gnu++17";
				CLANG_ENABLE_MODULES = YES;
				CLANG_ENABLE_OBJC_ARC = YES;
				CLANG_ENABLE_OBJC_WEAK = YES;
				CLANG_WARN_BLOCK_CAPTURE_AUTORELEASING = YES;
				CLANG_WARN_BOOL_CONVERSION = YES;
				CLANG_WARN_COMMA = YES;
				CLANG_WARN_CONSTANT_CONVERSION = YES;
				CLANG_WARN_DEPRECATED_OBJC_IMPLEMENTATIONS = YES;
				CLANG_WARN_DIRECT_OBJC_ISA_USAGE = YES_ERROR;
				CLANG_WARN_DOCUMENTATION_COMMENTS = YES;
				CLANG_WARN_EMPTY_BODY = YES;
				CLANG_WARN_ENUM_CONVERSION = YES;
				CLANG_WARN_INFINITE_RECURSION = YES;
				CLANG_WARN_INT_CONVERSION = YES;
				CLANG_WARN_NON_LITERAL_NULL_CONVERSION = YES;
				CLANG_WARN_OBJC_IMPLICIT_RETAIN_SELF = YES;
				CLANG_WARN_OBJC_LITERAL_CONVERSION = YES;
				CLANG_WARN_OBJC_ROOT_CLASS = YES_ERROR;
				CLANG_WARN_QUOTED_INCLUDE_IN_FRAMEWORK_HEADER = YES;
				CLANG_WARN_RANGE_LOOP_ANALYSIS = YES;
				CLANG_WARN_STRICT_PROTOTYPES = YES;
				CLANG_WARN_SUSPICIOUS_MOVE = YES;
				CLANG_WARN_UNGUARDED_AVAILABILITY = YES_AGGRESSIVE;
				CLANG_WARN_UNREACHABLE_CODE = YES;
				CLANG_WARN__DUPLICATE_METHOD_MATCH = YES;
				COPY_PHASE_STRIP = NO;
				DEBUG_INFORMATION_FORMAT = "dwarf-with-dsym";
				ENABLE_NS_ASSERTIONS = NO;
				ENABLE_STRICT_OBJC_MSGSEND = YES;
				GCC_C_LANGUAGE_STANDARD = gnu11;
				GCC_NO_COMMON_BLOCKS = YES;
				GCC_WARN_64_TO_32_BIT_CONVERSION = YES;
				GCC_WARN_ABOUT_RETURN_TYPE = YES_ERROR;
				GCC_WARN_UNDECLARED_SELECTOR = YES;
				GCC_WARN_UNINITIALIZED_AUTOS = YES_AGGRESSIVE;
				GCC_WARN_UNUSED_FUNCTION = YES;
				GCC_WARN_UNUSED_VARIABLE = YES;
				IPHONEOS_DEPLOYMENT_TARGET = 15.5;
				MTL_ENABLE_DEBUG_INFO = NO;
				MTL_FAST_MATH = YES;
				SDKROOT = iphoneos;
				SWIFT_COMPILATION_MODE = wholemodule;
				SWIFT_OPTIMIZATION_LEVEL = "-O";
				VALIDATE_PRODUCT = YES;
			};
			name = Release;
		};
		34C32D9E28C63AE7003BE563 /* Debug */ = {
			isa = XCBuildConfiguration;
			baseConfigurationReference = AFDE6878476BD8FC6FEB6C2E /* Pods-FlixApp.debug.xcconfig */;
			buildSettings = {
				ASSETCATALOG_COMPILER_APPICON_NAME = AppIcon;
				ASSETCATALOG_COMPILER_GLOBAL_ACCENT_COLOR_NAME = AccentColor;
				CODE_SIGN_STYLE = Automatic;
				CURRENT_PROJECT_VERSION = 1;
				GENERATE_INFOPLIST_FILE = YES;
				INFOPLIST_FILE = FlixApp/Info.plist;
				INFOPLIST_KEY_UIApplicationSupportsIndirectInputEvents = YES;
				INFOPLIST_KEY_UILaunchStoryboardName = LaunchScreen;
				INFOPLIST_KEY_UIMainStoryboardFile = Main;
				INFOPLIST_KEY_UISupportedInterfaceOrientations_iPad = "UIInterfaceOrientationPortrait UIInterfaceOrientationPortraitUpsideDown UIInterfaceOrientationLandscapeLeft UIInterfaceOrientationLandscapeRight";
				INFOPLIST_KEY_UISupportedInterfaceOrientations_iPhone = "UIInterfaceOrientationPortrait UIInterfaceOrientationLandscapeLeft UIInterfaceOrientationLandscapeRight";
				LD_RUNPATH_SEARCH_PATHS = (
					"$(inherited)",
					"@executable_path/Frameworks",
				);
				MARKETING_VERSION = 1.0;
				PRODUCT_BUNDLE_IDENTIFIER = student.FlixApp;
				PRODUCT_NAME = "$(TARGET_NAME)";
				SWIFT_EMIT_LOC_STRINGS = YES;
				SWIFT_VERSION = 5.0;
				TARGETED_DEVICE_FAMILY = "1,2";
			};
			name = Debug;
		};
		34C32D9F28C63AE7003BE563 /* Release */ = {
			isa = XCBuildConfiguration;
			baseConfigurationReference = 59C5801FD58F6A11E432125C /* Pods-FlixApp.release.xcconfig */;
			buildSettings = {
				ASSETCATALOG_COMPILER_APPICON_NAME = AppIcon;
				ASSETCATALOG_COMPILER_GLOBAL_ACCENT_COLOR_NAME = AccentColor;
				CODE_SIGN_STYLE = Automatic;
				CURRENT_PROJECT_VERSION = 1;
				GENERATE_INFOPLIST_FILE = YES;
				INFOPLIST_FILE = FlixApp/Info.plist;
				INFOPLIST_KEY_UIApplicationSupportsIndirectInputEvents = YES;
				INFOPLIST_KEY_UILaunchStoryboardName = LaunchScreen;
				INFOPLIST_KEY_UIMainStoryboardFile = Main;
				INFOPLIST_KEY_UISupportedInterfaceOrientations_iPad = "UIInterfaceOrientationPortrait UIInterfaceOrientationPortraitUpsideDown UIInterfaceOrientationLandscapeLeft UIInterfaceOrientationLandscapeRight";
				INFOPLIST_KEY_UISupportedInterfaceOrientations_iPhone = "UIInterfaceOrientationPortrait UIInterfaceOrientationLandscapeLeft UIInterfaceOrientationLandscapeRight";
				LD_RUNPATH_SEARCH_PATHS = (
					"$(inherited)",
					"@executable_path/Frameworks",
				);
				MARKETING_VERSION = 1.0;
				PRODUCT_BUNDLE_IDENTIFIER = student.FlixApp;
				PRODUCT_NAME = "$(TARGET_NAME)";
				SWIFT_EMIT_LOC_STRINGS = YES;
				SWIFT_VERSION = 5.0;
				TARGETED_DEVICE_FAMILY = "1,2";
			};
			name = Release;
		};
		34C32DA128C63AE7003BE563 /* Debug */ = {
			isa = XCBuildConfiguration;
			baseConfigurationReference = 27BEEBD9CF6228B952C6939D /* Pods-FlixAppTests.debug.xcconfig */;
			buildSettings = {
				ALWAYS_EMBED_SWIFT_STANDARD_LIBRARIES = YES;
				BUNDLE_LOADER = "$(TEST_HOST)";
				CODE_SIGN_STYLE = Automatic;
				CURRENT_PROJECT_VERSION = 1;
				GENERATE_INFOPLIST_FILE = YES;
				IPHONEOS_DEPLOYMENT_TARGET = 15.5;
				MARKETING_VERSION = 1.0;
				PRODUCT_BUNDLE_IDENTIFIER = student.FlixAppTests;
				PRODUCT_NAME = "$(TARGET_NAME)";
				SWIFT_EMIT_LOC_STRINGS = NO;
				SWIFT_VERSION = 5.0;
				TARGETED_DEVICE_FAMILY = "1,2";
				TEST_HOST = "$(BUILT_PRODUCTS_DIR)/FlixApp.app/FlixApp";
			};
			name = Debug;
		};
		34C32DA228C63AE7003BE563 /* Release */ = {
			isa = XCBuildConfiguration;
			baseConfigurationReference = B78AE79FDC819AEC21C01E46 /* Pods-FlixAppTests.release.xcconfig */;
			buildSettings = {
				ALWAYS_EMBED_SWIFT_STANDARD_LIBRARIES = YES;
				BUNDLE_LOADER = "$(TEST_HOST)";
				CODE_SIGN_STYLE = Automatic;
				CURRENT_PROJECT_VERSION = 1;
				GENERATE_INFOPLIST_FILE = YES;
				IPHONEOS_DEPLOYMENT_TARGET = 15.5;
				MARKETING_VERSION = 1.0;
				PRODUCT_BUNDLE_IDENTIFIER = student.FlixAppTests;
				PRODUCT_NAME = "$(TARGET_NAME)";
				SWIFT_EMIT_LOC_STRINGS = NO;
				SWIFT_VERSION = 5.0;
				TARGETED_DEVICE_FAMILY = "1,2";
				TEST_HOST = "$(BUILT_PRODUCTS_DIR)/FlixApp.app/FlixApp";
			};
			name = Release;
		};
		34C32DA428C63AE7003BE563 /* Debug */ = {
			isa = XCBuildConfiguration;
			baseConfigurationReference = E16CFCEB2D0CB6B8E950FE1A /* Pods-FlixApp-FlixAppUITests.debug.xcconfig */;
			buildSettings = {
				ALWAYS_EMBED_SWIFT_STANDARD_LIBRARIES = YES;
				CODE_SIGN_STYLE = Automatic;
				CURRENT_PROJECT_VERSION = 1;
				GENERATE_INFOPLIST_FILE = YES;
				MARKETING_VERSION = 1.0;
				PRODUCT_BUNDLE_IDENTIFIER = student.FlixAppUITests;
				PRODUCT_NAME = "$(TARGET_NAME)";
				SWIFT_EMIT_LOC_STRINGS = NO;
				SWIFT_VERSION = 5.0;
				TARGETED_DEVICE_FAMILY = "1,2";
				TEST_TARGET_NAME = FlixApp;
			};
			name = Debug;
		};
		34C32DA528C63AE7003BE563 /* Release */ = {
			isa = XCBuildConfiguration;
			baseConfigurationReference = 4727B1D0A6C5F0977FD8717F /* Pods-FlixApp-FlixAppUITests.release.xcconfig */;
			buildSettings = {
				ALWAYS_EMBED_SWIFT_STANDARD_LIBRARIES = YES;
				CODE_SIGN_STYLE = Automatic;
				CURRENT_PROJECT_VERSION = 1;
				GENERATE_INFOPLIST_FILE = YES;
				MARKETING_VERSION = 1.0;
				PRODUCT_BUNDLE_IDENTIFIER = student.FlixAppUITests;
				PRODUCT_NAME = "$(TARGET_NAME)";
				SWIFT_EMIT_LOC_STRINGS = NO;
				SWIFT_VERSION = 5.0;
				TARGETED_DEVICE_FAMILY = "1,2";
				TEST_TARGET_NAME = FlixApp;
			};
			name = Release;
		};
/* End XCBuildConfiguration section */

/* Begin XCConfigurationList section */
		34C32D6E28C63AE4003BE563 /* Build configuration list for PBXProject "FlixApp" */ = {
			isa = XCConfigurationList;
			buildConfigurations = (
				34C32D9B28C63AE7003BE563 /* Debug */,
				34C32D9C28C63AE7003BE563 /* Release */,
			);
			defaultConfigurationIsVisible = 0;
			defaultConfigurationName = Release;
		};
		34C32D9D28C63AE7003BE563 /* Build configuration list for PBXNativeTarget "FlixApp" */ = {
			isa = XCConfigurationList;
			buildConfigurations = (
				34C32D9E28C63AE7003BE563 /* Debug */,
				34C32D9F28C63AE7003BE563 /* Release */,
			);
			defaultConfigurationIsVisible = 0;
			defaultConfigurationName = Release;
		};
		34C32DA028C63AE7003BE563 /* Build configuration list for PBXNativeTarget "FlixAppTests" */ = {
			isa = XCConfigurationList;
			buildConfigurations = (
				34C32DA128C63AE7003BE563 /* Debug */,
				34C32DA228C63AE7003BE563 /* Release */,
			);
			defaultConfigurationIsVisible = 0;
			defaultConfigurationName = Release;
		};
		34C32DA328C63AE7003BE563 /* Build configuration list for PBXNativeTarget "FlixAppUITests" */ = {
			isa = XCConfigurationList;
			buildConfigurations = (
				34C32DA428C63AE7003BE563 /* Debug */,
				34C32DA528C63AE7003BE563 /* Release */,
			);
			defaultConfigurationIsVisible = 0;
			defaultConfigurationName = Release;
		};
/* End XCConfigurationList section */

/* Begin XCRemoteSwiftPackageReference section */
		34C32DA828C669BC003BE563 /* XCRemoteSwiftPackageReference "AlamofireImage" */ = {
			isa = XCRemoteSwiftPackageReference;
			repositoryURL = "https://github.com/Alamofire/AlamofireImage";
			requirement = {
				kind = upToNextMajorVersion;
				minimumVersion = 4.0.0;
			};
		};
/* End XCRemoteSwiftPackageReference section */

/* Begin XCSwiftPackageProductDependency section */
		34C32DA928C669BC003BE563 /* AlamofireImage */ = {
			isa = XCSwiftPackageProductDependency;
			package = 34C32DA828C669BC003BE563 /* XCRemoteSwiftPackageReference "AlamofireImage" */;
			productName = AlamofireImage;
		};
/* End XCSwiftPackageProductDependency section */
	};
	rootObject = 34C32D6B28C63AE4003BE563 /* Project object */;
}
